
Microsoft Visual Studio Solution File, Format Version 12.00
# Visual Studio Version 17
VisualStudioVersion = 17.0.32014.148
MinimumVisualStudioVersion = 10.0.40219.1
Project("{9A19103F-16F7-4668-BE54-9A1E7A4F7556}") = "Api1", "src\Api1\Api1.csproj", "{68576570-0803-4B62-9F39-AD210E49EF24}"
EndProject
Project("{9A19103F-16F7-4668-BE54-9A1E7A4F7556}") = "Api2", "src\Api2\Api2.csproj", "{285EF855-AE3B-4067-8E54-34F4DB399CE6}"
EndProject
Project("{9A19103F-16F7-4668-BE54-9A1E7A4F7556}") = "ApiGateway", "src\ApiGateway\ApiGateway.csproj", "{A35D6C76-F78D-44ED-A1DD-5370DDD24FE0}"
EndProject
Global
	GlobalSection(SolutionConfigurationPlatforms) = preSolution
		Debug|Any CPU = Debug|Any CPU
		Release|Any CPU = Release|Any CPU
	EndGlobalSection
	GlobalSection(ProjectConfigurationPlatforms) = postSolution
		{68576570-0803-4B62-9F39-AD210E49EF24}.Debug|Any CPU.ActiveCfg = Debug|Any CPU
		{68576570-0803-4B62-9F39-AD210E49EF24}.Debug|Any CPU.Build.0 = Debug|Any CPU
		{68576570-0803-4B62-9F39-AD210E49EF24}.Release|Any CPU.ActiveCfg = Release|Any CPU
		{68576570-0803-4B62-9F39-AD210E49EF24}.Release|Any CPU.Build.0 = Release|Any CPU
		{285EF855-AE3B-4067-8E54-34F4DB399CE6}.Debug|Any CPU.ActiveCfg = Debug|Any CPU
		{285EF855-AE3B-4067-8E54-34F4DB399CE6}.Debug|Any CPU.Build.0 = Debug|Any CPU
		{285EF855-AE3B-4067-8E54-34F4DB399CE6}.Release|Any CPU.ActiveCfg = Release|Any CPU
		{285EF855-AE3B-4067-8E54-34F4DB399CE6}.Release|Any CPU.Build.0 = Release|Any CPU
		{A35D6C76-F78D-44ED-A1DD-5370DDD24FE0}.Debug|Any CPU.ActiveCfg = Debug|Any CPU
		{A35D6C76-F78D-44ED-A1DD-5370DDD24FE0}.Debug|Any CPU.Build.0 = Debug|Any CPU
		{A35D6C76-F78D-44ED-A1DD-5370DDD24FE0}.Release|Any CPU.ActiveCfg = Release|Any CPU
		{A35D6C76-F78D-44ED-A1DD-5370DDD24FE0}.Release|Any CPU.Build.0 = Release|Any CPU
	EndGlobalSection
	GlobalSection(SolutionProperties) = preSolution
		HideSolutionNode = FALSE
	EndGlobalSection
	GlobalSection(ExtensibilityGlobals) = postSolution
		SolutionGuid = {A56D2DC8-A3D8-4F89-8E06-DF2FC8B483AB}
	EndGlobalSection
EndGlobal
